
Microsoft Visual Studio Solution File, Format Version 12.00
# Visual Studio Version 17
VisualStudioVersion = 17.4.33110.190
MinimumVisualStudioVersion = 10.0.40219.1
Project("{FAE04EC0-301F-11D3-BF4B-00C04F79EFBC}") = "API_excel", "API_excel\API_excel.csproj", "{8460FE6A-2962-4A2A-9E09-A5B96BB7CD08}"
EndProject
Global
	GlobalSection(SolutionConfigurationPlatforms) = preSolution
		Debug|Any CPU = Debug|Any CPU
		Release|Any CPU = Release|Any CPU
	EndGlobalSection
	GlobalSection(ProjectConfigurationPlatforms) = postSolution
		{8460FE6A-2962-4A2A-9E09-A5B96BB7CD08}.Debug|Any CPU.ActiveCfg = Debug|Any CPU
		{8460FE6A-2962-4A2A-9E09-A5B96BB7CD08}.Debug|Any CPU.Build.0 = Debug|Any CPU
		{8460FE6A-2962-4A2A-9E09-A5B96BB7CD08}.Release|Any CPU.ActiveCfg = Release|Any CPU
		{8460FE6A-2962-4A2A-9E09-A5B96BB7CD08}.Release|Any CPU.Build.0 = Release|Any CPU
	EndGlobalSection
	GlobalSection(SolutionProperties) = preSolution
		HideSolutionNode = FALSE
	EndGlobalSection
	GlobalSection(ExtensibilityGlobals) = postSolution
		SolutionGuid = {D6EF4573-8041-43DF-931E-B2599C972C9B}
	EndGlobalSection
EndGlobal
